
Microsoft Visual Studio Solution File, Format Version 12.00
# Visual Studio 15
VisualStudioVersion = 15.0.28307.136
MinimumVisualStudioVersion = 10.0.40219.1
Project("{FAE04EC0-301F-11D3-BF4B-00C04F79EFBC}") = "LibraryManagementSystem", "LibraryManagementSystem.csproj", "{DF4DB6F7-6F2A-4F5E-9AFF-7A1E88F53E91}"
EndProject
Global
	GlobalSection(SolutionConfigurationPlatforms) = preSolution
		Debug|Any CPU = Debug|Any CPU
		Release|Any CPU = Release|Any CPU
	EndGlobalSection
	GlobalSection(ProjectConfigurationPlatforms) = postSolution
		{DF4DB6F7-6F2A-4F5E-9AFF-7A1E88F53E91}.Debug|Any CPU.ActiveCfg = Debug|Any CPU
		{DF4DB6F7-6F2A-4F5E-9AFF-7A1E88F53E91}.Debug|Any CPU.Build.0 = Debug|Any CPU
		{DF4DB6F7-6F2A-4F5E-9AFF-7A1E88F53E91}.Release|Any CPU.ActiveCfg = Release|Any CPU
		{DF4DB6F7-6F2A-4F5E-9AFF-7A1E88F53E91}.Release|Any CPU.Build.0 = Release|Any CPU
	EndGlobalSection
	GlobalSection(SolutionProperties) = preSolution
		HideSolutionNode = FALSE
	EndGlobalSection
	GlobalSection(ExtensibilityGlobals) = postSolution
		SolutionGuid = {6B029A2F-CAEA-48A5-9E5C-161DC586F862}
	EndGlobalSection
EndGlobal
